<?xml version="1.0" encoding="utf-8"?>
<Project ToolsVersion="4.0" xmlns="http://schemas.microsoft.com/developer/msbuild/2003">
  <ItemGroup>
    <Filter Include="Source Files">
      <UniqueIdentifier>{4FC737F1-C7A5-4376-A066-2A32D752A2FF}</UniqueIdentifier>
      <Extensions>cpp;c;cc;cxx;def;odl;idl;hpj;bat;asm;asmx</Extensions>
    </Filter>
    <Filter Include="Header Files">
      <UniqueIdentifier>{93995380-89BD-4b04-88EB-625FBE52EBFB}</UniqueIdentifier>
      <Extensions>h;hh;hpp;hxx;hm;inl;inc;ipp;xsd</Extensions>
    </Filter>
    <Filter Include="Resource Files">
      <UniqueIdentifier>{67DA6AB6-F800-4c08-8B7A-83BB121AAD01}</UniqueIdentifier>
      <Extensions>rc;ico;cur;bmp;dlg;rc2;rct;bin;rgs;gif;jpg;jpeg;jpe;resx;tiff;tif;png;wav;mfcribbon-ms</Extensions>
    </Filter>
    <Filter Include="Resource Files\Maps">
      <UniqueIdentifier>{4fd06d31-ec5f-4247-b5c9-6483c8f6d069}</UniqueIdentifier>
    </Filter>
    <Filter Include="Resource Files\Maps\Images">
      <UniqueIdentifier>{a087ab83-615d-4cd4-8c53-fa8ad9a48f4d}</UniqueIdentifier>
    </Filter>
  </ItemGroup>
  <ItemGroup>
    <ClCompile Include="driver.cpp">
      <Filter>Source Files</Filter>
    </ClCompile>
    <ClCompile Include="Map.cpp">
      <Filter>Source Files</Filter>
    </ClCompile>
    <ClCompile Include="MapDriver.cpp">
      <Filter>Source Files</Filter>
    </ClCompile>
    <ClCompile Include="MapLoader.cpp">
      <Filter>Source Files</Filter>
    </ClCompile>
    <ClCompile Include="MapLoaderDriver.cpp">
      <Filter>Source Files</Filter>
    </ClCompile>
    <ClCompile Include="Player.cpp">
      <Filter>Source Files</Filter>
    </ClCompile>
    <ClCompile Include="PlayerDriver.cpp">
      <Filter>Source Files</Filter>
    </ClCompile>
    <ClCompile Include="Cards.cpp">
      <Filter>Source Files</Filter>
    </ClCompile>
    <ClCompile Include="CardsDriver.cpp">
      <Filter>Source Files</Filter>
    </ClCompile>
    <ClCompile Include="Bid.cpp">
      <Filter>Source Files</Filter>
    </ClCompile>
    <ClCompile Include="BidDriver.cpp">
      <Filter>Source Files</Filter>
    </ClCompile>
  </ItemGroup>
  <ItemGroup>
    <ClInclude Include="Map.h">
      <Filter>Header Files</Filter>
    </ClInclude>
    <ClInclude Include="MapLoader.h">
      <Filter>Header Files</Filter>
    </ClInclude>
    <ClInclude Include="Player.h">
      <Filter>Header Files</Filter>
    </ClInclude>
    <ClInclude Include="Cards.h">
      <Filter>Header Files</Filter>
    </ClInclude>
    <ClInclude Include="Bid.h">
      <Filter>Header Files</Filter>
    </ClInclude>
  </ItemGroup>
  <ItemGroup>
    <None Include="Maps\Old_Europe.map">
      <Filter>Resource Files\Maps</Filter>
    </None>
    <None Include="Maps\map2.map">
      <Filter>Resource Files\Maps</Filter>
    </None>
    <None Include="Maps\map3.map">
      <Filter>Resource Files\Maps</Filter>
    </None>
    <None Include="Maps\map1.map">
      <Filter>Resource Files\Maps</Filter>
    </None>
    <None Include="Maps\Starfall_Crater.map">
      <Filter>Resource Files\Maps</Filter>
    </None>
    <None Include="Maps\Ancient_Kingdom.map">
      <Filter>Resource Files\Maps</Filter>
    </None>
    <None Include="Maps\Archipelago_of_Azra.map">
      <Filter>Resource Files\Maps</Filter>
    </None>
    <None Include="Maps\Isthmus_of_Gom.map">
      <Filter>Resource Files\Maps</Filter>
    </None>
    <None Include="Maps\Sister_Continents.map">
      <Filter>Resource Files\Maps</Filter>
    </None>
    <None Include="Maps\Southern_Plains.map">
      <Filter>Resource Files\Maps</Filter>
    </None>
  </ItemGroup>
  <ItemGroup>
    <Image Include="Maps\Images\Old_Europe_Image.jpg">
      <Filter>Resource Files\Maps\Images</Filter>
    </Image>
    <Image Include="Maps\Images\Ancient_Kingdom_Image.jpg">
      <Filter>Resource Files\Maps\Images</Filter>
    </Image>
    <Image Include="Maps\Images\Archipelago_of_Azra.png">
      <Filter>Resource Files\Maps\Images</Filter>
    </Image>
    <Image Include="Maps\Images\Isthmus_of_Gom_Image.png">
      <Filter>Resource Files\Maps\Images</Filter>
    </Image>
    <Image Include="Maps\Images\Sister_Continents_Image.png">
      <Filter>Resource Files\Maps\Images</Filter>
    </Image>
    <Image Include="Maps\Images\Southern_Plains_Image.png">
      <Filter>Resource Files\Maps\Images</Filter>
    </Image>
    <Image Include="Maps\Images\Starfall_Crater_Image.png">
      <Filter>Resource Files\Maps\Images</Filter>
    </Image>
  </ItemGroup>
</Project>