
Microsoft Visual Studio Solution File, Format Version 12.00
# Visual Studio 15
VisualStudioVersion = 15.0.28307.329
MinimumVisualStudioVersion = 10.0.40219.1
Project("{8BC9CEB8-8B4A-11D0-8D11-00A0C91BC942}") = "EightMinuteEmpire", "EightMinuteEmpire\EightMinuteEmpire.vcxproj", "{F1C02633-FE3D-4282-A796-DE42415DA2C5}"
EndProject
Global
	GlobalSection(SolutionConfigurationPlatforms) = preSolution
		Debug|x64 = Debug|x64
		Debug|x86 = Debug|x86
		Release|x64 = Release|x64
		Release|x86 = Release|x86
	EndGlobalSection
	GlobalSection(ProjectConfigurationPlatforms) = postSolution
		{F1C02633-FE3D-4282-A796-DE42415DA2C5}.Debug|x64.ActiveCfg = Debug|x64
		{F1C02633-FE3D-4282-A796-DE42415DA2C5}.Debug|x64.Build.0 = Debug|x64
		{F1C02633-FE3D-4282-A796-DE42415DA2C5}.Debug|x86.ActiveCfg = Debug|Win32
		{F1C02633-FE3D-4282-A796-DE42415DA2C5}.Debug|x86.Build.0 = Debug|Win32
		{F1C02633-FE3D-4282-A796-DE42415DA2C5}.Release|x64.ActiveCfg = Release|x64
		{F1C02633-FE3D-4282-A796-DE42415DA2C5}.Release|x64.Build.0 = Release|x64
		{F1C02633-FE3D-4282-A796-DE42415DA2C5}.Release|x86.ActiveCfg = Release|Win32
		{F1C02633-FE3D-4282-A796-DE42415DA2C5}.Release|x86.Build.0 = Release|Win32
	EndGlobalSection
	GlobalSection(SolutionProperties) = preSolution
		HideSolutionNode = FALSE
	EndGlobalSection
	GlobalSection(ExtensibilityGlobals) = postSolution
		SolutionGuid = {67787894-C5CE-4995-9D68-FD7CA343E0AE}
	EndGlobalSection
EndGlobal
